
Microsoft Visual Studio Solution File, Format Version 12.00
# Visual Studio 15
VisualStudioVersion = 15.0.27703.2018
MinimumVisualStudioVersion = 10.0.40219.1
Project("{FAE04EC0-301F-11D3-BF4B-00C04F79EFBC}") = "trigonometry", "trigonometry\trigonometry.csproj", "{6BC8AE1C-1754-4848-A0A9-3CA6F4321C51}"
EndProject
Global
	GlobalSection(SolutionConfigurationPlatforms) = preSolution
		Debug|Any CPU = Debug|Any CPU
		Release|Any CPU = Release|Any CPU
	EndGlobalSection
	GlobalSection(ProjectConfigurationPlatforms) = postSolution
		{6BC8AE1C-1754-4848-A0A9-3CA6F4321C51}.Debug|Any CPU.ActiveCfg = Debug|Any CPU
		{6BC8AE1C-1754-4848-A0A9-3CA6F4321C51}.Debug|Any CPU.Build.0 = Debug|Any CPU
		{6BC8AE1C-1754-4848-A0A9-3CA6F4321C51}.Release|Any CPU.ActiveCfg = Release|Any CPU
		{6BC8AE1C-1754-4848-A0A9-3CA6F4321C51}.Release|Any CPU.Build.0 = Release|Any CPU
	EndGlobalSection
	GlobalSection(SolutionProperties) = preSolution
		HideSolutionNode = FALSE
	EndGlobalSection
	GlobalSection(ExtensibilityGlobals) = postSolution
		SolutionGuid = {10A94954-E77C-45AE-97D2-49A211D2FD16}
	EndGlobalSection
EndGlobal
